
Microsoft Visual Studio Solution File, Format Version 12.00
# Visual Studio 14
VisualStudioVersion = 14.0.25420.1
MinimumVisualStudioVersion = 10.0.40219.1
Project("{8BC9CEB8-8B4A-11D0-8D11-00A0C91BC942}") = "1.宏", "1.宏\1.宏.vcxproj", "{A747A3B9-AD78-4EAC-9094-72A5819668A8}"
EndProject
Project("{8BC9CEB8-8B4A-11D0-8D11-00A0C91BC942}") = "2.运算符", "2.运算符\2.运算符.vcxproj", "{422DA09F-5ED9-4FEE-ACF3-E1A93BABC368}"
EndProject
Project("{8BC9CEB8-8B4A-11D0-8D11-00A0C91BC942}") = "3.随机数", "3.随机数\3.随机数.vcxproj", "{461772F9-74BD-436C-82F7-F108B022BBEC}"
EndProject
Project("{8BC9CEB8-8B4A-11D0-8D11-00A0C91BC942}") = "4.数组和字符串", "4.数组和字符串\4.数组和字符串.vcxproj", "{B6A07127-2FFA-41ED-876C-1BA77AECCF68}"
EndProject
Project("{8BC9CEB8-8B4A-11D0-8D11-00A0C91BC942}") = "5.c代码", "5.c代码\5.c代码.vcxproj", "{722AEB30-10B2-40B8-AFF1-9F8E43794650}"
EndProject
Project("{8BC9CEB8-8B4A-11D0-8D11-00A0C91BC942}") = "6.指针", "6.指针\6.指针.vcxproj", "{236D659A-3FFF-45B5-8823-61A763DBCD7C}"
EndProject
Project("{8BC9CEB8-8B4A-11D0-8D11-00A0C91BC942}") = "7.指针和函数", "7.指针和函数\7.指针和函数.vcxproj", "{72BEE8BA-3556-44A8-9A0C-B9C45EDEE391}"
EndProject
Project("{8BC9CEB8-8B4A-11D0-8D11-00A0C91BC942}") = "8.带参数的main函数", "8.带参数的main函数\8.带参数的main函数.vcxproj", "{DDCEA9E5-0457-4290-BCC3-ABC5997E928B}"
EndProject
Project("{8BC9CEB8-8B4A-11D0-8D11-00A0C91BC942}") = "9.字符串和内存", "9.字符串和内存\9.字符串和内存.vcxproj", "{5379D155-4421-4902-A6CE-250793AAE517}"
EndProject
Project("{8BC9CEB8-8B4A-11D0-8D11-00A0C91BC942}") = "10.内存管理", "10.内存管理\10.内存管理.vcxproj", "{16043887-2D1A-4DD1-A0F8-16BCC5224892}"
EndProject
Project("{8BC9CEB8-8B4A-11D0-8D11-00A0C91BC942}") = "11.文件操作 上", "11.文件操作\11.文件操作.vcxproj", "{644B0F7A-9276-41BC-A503-AD9EAE08EF94}"
EndProject
Project("{8BC9CEB8-8B4A-11D0-8D11-00A0C91BC942}") = "14.结构体", "12.结构体\12.结构体.vcxproj", "{1FD1C6D4-4585-4979-84A3-20F36B58A1BC}"
EndProject
Project("{8BC9CEB8-8B4A-11D0-8D11-00A0C91BC942}") = "12.文件操作 中", "7.文件操作 下\7.文件操作 下.vcxproj", "{5818C100-4C26-4BCD-A87E-326972B657F0}"
EndProject
Project("{8BC9CEB8-8B4A-11D0-8D11-00A0C91BC942}") = "15.排序", "14.排序\14.排序.vcxproj", "{D81E5416-E7B0-43EE-98AB-A887DE548C92}"
EndProject
Project("{8BC9CEB8-8B4A-11D0-8D11-00A0C91BC942}") = "13.文件操作 下", "13.文件操作 下\13.文件操作 下.vcxproj", "{D4BF442D-8CE7-4B16-A50B-659D82CA3742}"
EndProject
Project("{8BC9CEB8-8B4A-11D0-8D11-00A0C91BC942}") = "1.c提高", "..\day 02\1.c提高\1.c提高.vcxproj", "{0508B3E6-1797-4C06-B1FF-53F6F217690C}"
EndProject
Project("{8BC9CEB8-8B4A-11D0-8D11-00A0C91BC942}") = "c", "..\day 02\c\c.vcxproj", "{2C0C54A5-3275-44FD-B5ED-7C525BFC7178}"
EndProject
Project("{8BC9CEB8-8B4A-11D0-8D11-00A0C91BC942}") = "2.函数的调用模型", "..\day 02\2.函数的调用模型\2.函数的调用模型.vcxproj", "{2D372959-2074-4628-86C3-A14CC17D1614}"
EndProject
Project("{8BC9CEB8-8B4A-11D0-8D11-00A0C91BC942}") = "3.指针的强化", "..\day 02\3.指针的强化\3.指针的强化.vcxproj", "{EA8E0B70-AC28-4F48-BDC0-982248D3631E}"
EndProject
Project("{8BC9CEB8-8B4A-11D0-8D11-00A0C91BC942}") = "4.内存分配", "..\day 02\4.内存分配\4.内存分配.vcxproj", "{AB8D6D69-3E30-4506-9D0A-3DF47CA9FAAE}"
EndProject
Project("{8BC9CEB8-8B4A-11D0-8D11-00A0C91BC942}") = "5.二级指针", "..\day 02\5.二级指针\5.二级指针.vcxproj", "{0AB671D2-8FC9-478C-B3A8-F9A01CC6E954}"
EndProject
Global
	GlobalSection(SolutionConfigurationPlatforms) = preSolution
		Debug|x64 = Debug|x64
		Debug|x86 = Debug|x86
		Release|x64 = Release|x64
		Release|x86 = Release|x86
	EndGlobalSection
	GlobalSection(ProjectConfigurationPlatforms) = postSolution
		{A747A3B9-AD78-4EAC-9094-72A5819668A8}.Debug|x64.ActiveCfg = Debug|x64
		{A747A3B9-AD78-4EAC-9094-72A5819668A8}.Debug|x64.Build.0 = Debug|x64
		{A747A3B9-AD78-4EAC-9094-72A5819668A8}.Debug|x86.ActiveCfg = Debug|Win32
		{A747A3B9-AD78-4EAC-9094-72A5819668A8}.Debug|x86.Build.0 = Debug|Win32
		{A747A3B9-AD78-4EAC-9094-72A5819668A8}.Release|x64.ActiveCfg = Release|x64
		{A747A3B9-AD78-4EAC-9094-72A5819668A8}.Release|x64.Build.0 = Release|x64
		{A747A3B9-AD78-4EAC-9094-72A5819668A8}.Release|x86.ActiveCfg = Release|Win32
		{A747A3B9-AD78-4EAC-9094-72A5819668A8}.Release|x86.Build.0 = Release|Win32
		{422DA09F-5ED9-4FEE-ACF3-E1A93BABC368}.Debug|x64.ActiveCfg = Debug|x64
		{422DA09F-5ED9-4FEE-ACF3-E1A93BABC368}.Debug|x64.Build.0 = Debug|x64
		{422DA09F-5ED9-4FEE-ACF3-E1A93BABC368}.Debug|x86.ActiveCfg = Debug|Win32
		{422DA09F-5ED9-4FEE-ACF3-E1A93BABC368}.Debug|x86.Build.0 = Debug|Win32
		{422DA09F-5ED9-4FEE-ACF3-E1A93BABC368}.Release|x64.ActiveCfg = Release|x64
		{422DA09F-5ED9-4FEE-ACF3-E1A93BABC368}.Release|x64.Build.0 = Release|x64
		{422DA09F-5ED9-4FEE-ACF3-E1A93BABC368}.Release|x86.ActiveCfg = Release|Win32
		{422DA09F-5ED9-4FEE-ACF3-E1A93BABC368}.Release|x86.Build.0 = Release|Win32
		{461772F9-74BD-436C-82F7-F108B022BBEC}.Debug|x64.ActiveCfg = Debug|x64
		{461772F9-74BD-436C-82F7-F108B022BBEC}.Debug|x64.Build.0 = Debug|x64
		{461772F9-74BD-436C-82F7-F108B022BBEC}.Debug|x86.ActiveCfg = Debug|Win32
		{461772F9-74BD-436C-82F7-F108B022BBEC}.Debug|x86.Build.0 = Debug|Win32
		{461772F9-74BD-436C-82F7-F108B022BBEC}.Release|x64.ActiveCfg = Release|x64
		{461772F9-74BD-436C-82F7-F108B022BBEC}.Release|x64.Build.0 = Release|x64
		{461772F9-74BD-436C-82F7-F108B022BBEC}.Release|x86.ActiveCfg = Release|Win32
		{461772F9-74BD-436C-82F7-F108B022BBEC}.Release|x86.Build.0 = Release|Win32
		{B6A07127-2FFA-41ED-876C-1BA77AECCF68}.Debug|x64.ActiveCfg = Debug|x64
		{B6A07127-2FFA-41ED-876C-1BA77AECCF68}.Debug|x64.Build.0 = Debug|x64
		{B6A07127-2FFA-41ED-876C-1BA77AECCF68}.Debug|x86.ActiveCfg = Debug|Win32
		{B6A07127-2FFA-41ED-876C-1BA77AECCF68}.Debug|x86.Build.0 = Debug|Win32
		{B6A07127-2FFA-41ED-876C-1BA77AECCF68}.Release|x64.ActiveCfg = Release|x64
		{B6A07127-2FFA-41ED-876C-1BA77AECCF68}.Release|x64.Build.0 = Release|x64
		{B6A07127-2FFA-41ED-876C-1BA77AECCF68}.Release|x86.ActiveCfg = Release|Win32
		{B6A07127-2FFA-41ED-876C-1BA77AECCF68}.Release|x86.Build.0 = Release|Win32
		{722AEB30-10B2-40B8-AFF1-9F8E43794650}.Debug|x64.ActiveCfg = Debug|x64
		{722AEB30-10B2-40B8-AFF1-9F8E43794650}.Debug|x64.Build.0 = Debug|x64
		{722AEB30-10B2-40B8-AFF1-9F8E43794650}.Debug|x86.ActiveCfg = Debug|Win32
		{722AEB30-10B2-40B8-AFF1-9F8E43794650}.Debug|x86.Build.0 = Debug|Win32
		{722AEB30-10B2-40B8-AFF1-9F8E43794650}.Release|x64.ActiveCfg = Release|x64
		{722AEB30-10B2-40B8-AFF1-9F8E43794650}.Release|x64.Build.0 = Release|x64
		{722AEB30-10B2-40B8-AFF1-9F8E43794650}.Release|x86.ActiveCfg = Release|Win32
		{722AEB30-10B2-40B8-AFF1-9F8E43794650}.Release|x86.Build.0 = Release|Win32
		{236D659A-3FFF-45B5-8823-61A763DBCD7C}.Debug|x64.ActiveCfg = Debug|x64
		{236D659A-3FFF-45B5-8823-61A763DBCD7C}.Debug|x64.Build.0 = Debug|x64
		{236D659A-3FFF-45B5-8823-61A763DBCD7C}.Debug|x86.ActiveCfg = Debug|Win32
		{236D659A-3FFF-45B5-8823-61A763DBCD7C}.Debug|x86.Build.0 = Debug|Win32
		{236D659A-3FFF-45B5-8823-61A763DBCD7C}.Release|x64.ActiveCfg = Release|x64
		{236D659A-3FFF-45B5-8823-61A763DBCD7C}.Release|x64.Build.0 = Release|x64
		{236D659A-3FFF-45B5-8823-61A763DBCD7C}.Release|x86.ActiveCfg = Release|Win32
		{236D659A-3FFF-45B5-8823-61A763DBCD7C}.Release|x86.Build.0 = Release|Win32
		{72BEE8BA-3556-44A8-9A0C-B9C45EDEE391}.Debug|x64.ActiveCfg = Debug|x64
		{72BEE8BA-3556-44A8-9A0C-B9C45EDEE391}.Debug|x64.Build.0 = Debug|x64
		{72BEE8BA-3556-44A8-9A0C-B9C45EDEE391}.Debug|x86.ActiveCfg = Debug|Win32
		{72BEE8BA-3556-44A8-9A0C-B9C45EDEE391}.Debug|x86.Build.0 = Debug|Win32
		{72BEE8BA-3556-44A8-9A0C-B9C45EDEE391}.Release|x64.ActiveCfg = Release|x64
		{72BEE8BA-3556-44A8-9A0C-B9C45EDEE391}.Release|x64.Build.0 = Release|x64
		{72BEE8BA-3556-44A8-9A0C-B9C45EDEE391}.Release|x86.ActiveCfg = Release|Win32
		{72BEE8BA-3556-44A8-9A0C-B9C45EDEE391}.Release|x86.Build.0 = Release|Win32
		{DDCEA9E5-0457-4290-BCC3-ABC5997E928B}.Debug|x64.ActiveCfg = Debug|x64
		{DDCEA9E5-0457-4290-BCC3-ABC5997E928B}.Debug|x64.Build.0 = Debug|x64
		{DDCEA9E5-0457-4290-BCC3-ABC5997E928B}.Debug|x86.ActiveCfg = Debug|Win32
		{DDCEA9E5-0457-4290-BCC3-ABC5997E928B}.Debug|x86.Build.0 = Debug|Win32
		{DDCEA9E5-0457-4290-BCC3-ABC5997E928B}.Release|x64.ActiveCfg = Release|x64
		{DDCEA9E5-0457-4290-BCC3-ABC5997E928B}.Release|x64.Build.0 = Release|x64
		{DDCEA9E5-0457-4290-BCC3-ABC5997E928B}.Release|x86.ActiveCfg = Release|Win32
		{DDCEA9E5-0457-4290-BCC3-ABC5997E928B}.Release|x86.Build.0 = Release|Win32
		{5379D155-4421-4902-A6CE-250793AAE517}.Debug|x64.ActiveCfg = Debug|x64
		{5379D155-4421-4902-A6CE-250793AAE517}.Debug|x64.Build.0 = Debug|x64
		{5379D155-4421-4902-A6CE-250793AAE517}.Debug|x86.ActiveCfg = Debug|Win32
		{5379D155-4421-4902-A6CE-250793AAE517}.Debug|x86.Build.0 = Debug|Win32
		{5379D155-4421-4902-A6CE-250793AAE517}.Release|x64.ActiveCfg = Release|x64
		{5379D155-4421-4902-A6CE-250793AAE517}.Release|x64.Build.0 = Release|x64
		{5379D155-4421-4902-A6CE-250793AAE517}.Release|x86.ActiveCfg = Release|Win32
		{5379D155-4421-4902-A6CE-250793AAE517}.Release|x86.Build.0 = Release|Win32
		{16043887-2D1A-4DD1-A0F8-16BCC5224892}.Debug|x64.ActiveCfg = Debug|x64
		{16043887-2D1A-4DD1-A0F8-16BCC5224892}.Debug|x64.Build.0 = Debug|x64
		{16043887-2D1A-4DD1-A0F8-16BCC5224892}.Debug|x86.ActiveCfg = Debug|Win32
		{16043887-2D1A-4DD1-A0F8-16BCC5224892}.Debug|x86.Build.0 = Debug|Win32
		{16043887-2D1A-4DD1-A0F8-16BCC5224892}.Release|x64.ActiveCfg = Release|x64
		{16043887-2D1A-4DD1-A0F8-16BCC5224892}.Release|x64.Build.0 = Release|x64
		{16043887-2D1A-4DD1-A0F8-16BCC5224892}.Release|x86.ActiveCfg = Release|Win32
		{16043887-2D1A-4DD1-A0F8-16BCC5224892}.Release|x86.Build.0 = Release|Win32
		{644B0F7A-9276-41BC-A503-AD9EAE08EF94}.Debug|x64.ActiveCfg = Debug|x64
		{644B0F7A-9276-41BC-A503-AD9EAE08EF94}.Debug|x64.Build.0 = Debug|x64
		{644B0F7A-9276-41BC-A503-AD9EAE08EF94}.Debug|x86.ActiveCfg = Debug|Win32
		{644B0F7A-9276-41BC-A503-AD9EAE08EF94}.Debug|x86.Build.0 = Debug|Win32
		{644B0F7A-9276-41BC-A503-AD9EAE08EF94}.Release|x64.ActiveCfg = Release|x64
		{644B0F7A-9276-41BC-A503-AD9EAE08EF94}.Release|x64.Build.0 = Release|x64
		{644B0F7A-9276-41BC-A503-AD9EAE08EF94}.Release|x86.ActiveCfg = Release|Win32
		{644B0F7A-9276-41BC-A503-AD9EAE08EF94}.Release|x86.Build.0 = Release|Win32
		{1FD1C6D4-4585-4979-84A3-20F36B58A1BC}.Debug|x64.ActiveCfg = Debug|x64
		{1FD1C6D4-4585-4979-84A3-20F36B58A1BC}.Debug|x64.Build.0 = Debug|x64
		{1FD1C6D4-4585-4979-84A3-20F36B58A1BC}.Debug|x86.ActiveCfg = Debug|Win32
		{1FD1C6D4-4585-4979-84A3-20F36B58A1BC}.Debug|x86.Build.0 = Debug|Win32
		{1FD1C6D4-4585-4979-84A3-20F36B58A1BC}.Release|x64.ActiveCfg = Release|x64
		{1FD1C6D4-4585-4979-84A3-20F36B58A1BC}.Release|x64.Build.0 = Release|x64
		{1FD1C6D4-4585-4979-84A3-20F36B58A1BC}.Release|x86.ActiveCfg = Release|Win32
		{1FD1C6D4-4585-4979-84A3-20F36B58A1BC}.Release|x86.Build.0 = Release|Win32
		{5818C100-4C26-4BCD-A87E-326972B657F0}.Debug|x64.ActiveCfg = Debug|x64
		{5818C100-4C26-4BCD-A87E-326972B657F0}.Debug|x64.Build.0 = Debug|x64
		{5818C100-4C26-4BCD-A87E-326972B657F0}.Debug|x86.ActiveCfg = Debug|Win32
		{5818C100-4C26-4BCD-A87E-326972B657F0}.Debug|x86.Build.0 = Debug|Win32
		{5818C100-4C26-4BCD-A87E-326972B657F0}.Release|x64.ActiveCfg = Release|x64
		{5818C100-4C26-4BCD-A87E-326972B657F0}.Release|x64.Build.0 = Release|x64
		{5818C100-4C26-4BCD-A87E-326972B657F0}.Release|x86.ActiveCfg = Release|Win32
		{5818C100-4C26-4BCD-A87E-326972B657F0}.Release|x86.Build.0 = Release|Win32
		{D81E5416-E7B0-43EE-98AB-A887DE548C92}.Debug|x64.ActiveCfg = Debug|x64
		{D81E5416-E7B0-43EE-98AB-A887DE548C92}.Debug|x64.Build.0 = Debug|x64
		{D81E5416-E7B0-43EE-98AB-A887DE548C92}.Debug|x86.ActiveCfg = Debug|Win32
		{D81E5416-E7B0-43EE-98AB-A887DE548C92}.Debug|x86.Build.0 = Debug|Win32
		{D81E5416-E7B0-43EE-98AB-A887DE548C92}.Release|x64.ActiveCfg = Release|x64
		{D81E5416-E7B0-43EE-98AB-A887DE548C92}.Release|x64.Build.0 = Release|x64
		{D81E5416-E7B0-43EE-98AB-A887DE548C92}.Release|x86.ActiveCfg = Release|Win32
		{D81E5416-E7B0-43EE-98AB-A887DE548C92}.Release|x86.Build.0 = Release|Win32
		{D4BF442D-8CE7-4B16-A50B-659D82CA3742}.Debug|x64.ActiveCfg = Debug|x64
		{D4BF442D-8CE7-4B16-A50B-659D82CA3742}.Debug|x64.Build.0 = Debug|x64
		{D4BF442D-8CE7-4B16-A50B-659D82CA3742}.Debug|x86.ActiveCfg = Debug|Win32
		{D4BF442D-8CE7-4B16-A50B-659D82CA3742}.Debug|x86.Build.0 = Debug|Win32
		{D4BF442D-8CE7-4B16-A50B-659D82CA3742}.Release|x64.ActiveCfg = Release|x64
		{D4BF442D-8CE7-4B16-A50B-659D82CA3742}.Release|x64.Build.0 = Release|x64
		{D4BF442D-8CE7-4B16-A50B-659D82CA3742}.Release|x86.ActiveCfg = Release|Win32
		{D4BF442D-8CE7-4B16-A50B-659D82CA3742}.Release|x86.Build.0 = Release|Win32
		{0508B3E6-1797-4C06-B1FF-53F6F217690C}.Debug|x64.ActiveCfg = Debug|x64
		{0508B3E6-1797-4C06-B1FF-53F6F217690C}.Debug|x64.Build.0 = Debug|x64
		{0508B3E6-1797-4C06-B1FF-53F6F217690C}.Debug|x86.ActiveCfg = Debug|Win32
		{0508B3E6-1797-4C06-B1FF-53F6F217690C}.Debug|x86.Build.0 = Debug|Win32
		{0508B3E6-1797-4C06-B1FF-53F6F217690C}.Release|x64.ActiveCfg = Release|x64
		{0508B3E6-1797-4C06-B1FF-53F6F217690C}.Release|x64.Build.0 = Release|x64
		{0508B3E6-1797-4C06-B1FF-53F6F217690C}.Release|x86.ActiveCfg = Release|Win32
		{0508B3E6-1797-4C06-B1FF-53F6F217690C}.Release|x86.Build.0 = Release|Win32
		{2C0C54A5-3275-44FD-B5ED-7C525BFC7178}.Debug|x64.ActiveCfg = Debug|x64
		{2C0C54A5-3275-44FD-B5ED-7C525BFC7178}.Debug|x64.Build.0 = Debug|x64
		{2C0C54A5-3275-44FD-B5ED-7C525BFC7178}.Debug|x86.ActiveCfg = Debug|Win32
		{2C0C54A5-3275-44FD-B5ED-7C525BFC7178}.Debug|x86.Build.0 = Debug|Win32
		{2C0C54A5-3275-44FD-B5ED-7C525BFC7178}.Release|x64.ActiveCfg = Release|x64
		{2C0C54A5-3275-44FD-B5ED-7C525BFC7178}.Release|x64.Build.0 = Release|x64
		{2C0C54A5-3275-44FD-B5ED-7C525BFC7178}.Release|x86.ActiveCfg = Release|Win32
		{2C0C54A5-3275-44FD-B5ED-7C525BFC7178}.Release|x86.Build.0 = Release|Win32
		{2D372959-2074-4628-86C3-A14CC17D1614}.Debug|x64.ActiveCfg = Debug|x64
		{2D372959-2074-4628-86C3-A14CC17D1614}.Debug|x64.Build.0 = Debug|x64
		{2D372959-2074-4628-86C3-A14CC17D1614}.Debug|x86.ActiveCfg = Debug|Win32
		{2D372959-2074-4628-86C3-A14CC17D1614}.Debug|x86.Build.0 = Debug|Win32
		{2D372959-2074-4628-86C3-A14CC17D1614}.Release|x64.ActiveCfg = Release|x64
		{2D372959-2074-4628-86C3-A14CC17D1614}.Release|x64.Build.0 = Release|x64
		{2D372959-2074-4628-86C3-A14CC17D1614}.Release|x86.ActiveCfg = Release|Win32
		{2D372959-2074-4628-86C3-A14CC17D1614}.Release|x86.Build.0 = Release|Win32
		{EA8E0B70-AC28-4F48-BDC0-982248D3631E}.Debug|x64.ActiveCfg = Debug|x64
		{EA8E0B70-AC28-4F48-BDC0-982248D3631E}.Debug|x64.Build.0 = Debug|x64
		{EA8E0B70-AC28-4F48-BDC0-982248D3631E}.Debug|x86.ActiveCfg = Debug|Win32
		{EA8E0B70-AC28-4F48-BDC0-982248D3631E}.Debug|x86.Build.0 = Debug|Win32
		{EA8E0B70-AC28-4F48-BDC0-982248D3631E}.Release|x64.ActiveCfg = Release|x64
		{EA8E0B70-AC28-4F48-BDC0-982248D3631E}.Release|x64.Build.0 = Release|x64
		{EA8E0B70-AC28-4F48-BDC0-982248D3631E}.Release|x86.ActiveCfg = Release|Win32
		{EA8E0B70-AC28-4F48-BDC0-982248D3631E}.Release|x86.Build.0 = Release|Win32
		{AB8D6D69-3E30-4506-9D0A-3DF47CA9FAAE}.Debug|x64.ActiveCfg = Debug|x64
		{AB8D6D69-3E30-4506-9D0A-3DF47CA9FAAE}.Debug|x64.Build.0 = Debug|x64
		{AB8D6D69-3E30-4506-9D0A-3DF47CA9FAAE}.Debug|x86.ActiveCfg = Debug|Win32
		{AB8D6D69-3E30-4506-9D0A-3DF47CA9FAAE}.Debug|x86.Build.0 = Debug|Win32
		{AB8D6D69-3E30-4506-9D0A-3DF47CA9FAAE}.Release|x64.ActiveCfg = Release|x64
		{AB8D6D69-3E30-4506-9D0A-3DF47CA9FAAE}.Release|x64.Build.0 = Release|x64
		{AB8D6D69-3E30-4506-9D0A-3DF47CA9FAAE}.Release|x86.ActiveCfg = Release|Win32
		{AB8D6D69-3E30-4506-9D0A-3DF47CA9FAAE}.Release|x86.Build.0 = Release|Win32
		{0AB671D2-8FC9-478C-B3A8-F9A01CC6E954}.Debug|x64.ActiveCfg = Debug|x64
		{0AB671D2-8FC9-478C-B3A8-F9A01CC6E954}.Debug|x64.Build.0 = Debug|x64
		{0AB671D2-8FC9-478C-B3A8-F9A01CC6E954}.Debug|x86.ActiveCfg = Debug|Win32
		{0AB671D2-8FC9-478C-B3A8-F9A01CC6E954}.Debug|x86.Build.0 = Debug|Win32
		{0AB671D2-8FC9-478C-B3A8-F9A01CC6E954}.Release|x64.ActiveCfg = Release|x64
		{0AB671D2-8FC9-478C-B3A8-F9A01CC6E954}.Release|x64.Build.0 = Release|x64
		{0AB671D2-8FC9-478C-B3A8-F9A01CC6E954}.Release|x86.ActiveCfg = Release|Win32
		{0AB671D2-8FC9-478C-B3A8-F9A01CC6E954}.Release|x86.Build.0 = Release|Win32
	EndGlobalSection
	GlobalSection(SolutionProperties) = preSolution
		HideSolutionNode = FALSE
	EndGlobalSection
EndGlobal
